// !$*UTF8*$!
{
	archiveVersion = 1;
	classes = {
	};
	objectVersion = 55;
	objects = {

/* Begin PBXBuildFile section */
		E2AFE6B228236653003C2B3C /* CitySightsApp.swift in Sources */ = {isa = PBXBuildFile; fileRef = E2AFE6B128236653003C2B3C /* CitySightsApp.swift */; };
		E2AFE6B428236653003C2B3C /* LaunchView.swift in Sources */ = {isa = PBXBuildFile; fileRef = E2AFE6B328236653003C2B3C /* LaunchView.swift */; };
		E2AFE6B628236655003C2B3C /* Assets.xcassets in Resources */ = {isa = PBXBuildFile; fileRef = E2AFE6B528236655003C2B3C /* Assets.xcassets */; };
		E2AFE6B928236655003C2B3C /* Preview Assets.xcassets in Resources */ = {isa = PBXBuildFile; fileRef = E2AFE6B828236655003C2B3C /* Preview Assets.xcassets */; };
		E2AFE6C328236895003C2B3C /* ContentModel.swift in Sources */ = {isa = PBXBuildFile; fileRef = E2AFE6C228236895003C2B3C /* ContentModel.swift */; };
		E2AFE6C52826DA08003C2B3C /* Business.swift in Sources */ = {isa = PBXBuildFile; fileRef = E2AFE6C42826DA08003C2B3C /* Business.swift */; };
		E2AFE6C72826DC09003C2B3C /* BusinessSearch.swift in Sources */ = {isa = PBXBuildFile; fileRef = E2AFE6C62826DC09003C2B3C /* BusinessSearch.swift */; };
		E2AFE6CA2826EAF7003C2B3C /* Constants.swift in Sources */ = {isa = PBXBuildFile; fileRef = E2AFE6C92826EAF7003C2B3C /* Constants.swift */; };
		E2AFE6D12827011E003C2B3C /* HomeView.swift in Sources */ = {isa = PBXBuildFile; fileRef = E2AFE6D02827011D003C2B3C /* HomeView.swift */; };
		E2AFE6D4282704F1003C2B3C /* BusinessList.swift in Sources */ = {isa = PBXBuildFile; fileRef = E2AFE6D3282704F1003C2B3C /* BusinessList.swift */; };
		E2AFE6D6282706FD003C2B3C /* BusinessSectionHeader.swift in Sources */ = {isa = PBXBuildFile; fileRef = E2AFE6D5282706FD003C2B3C /* BusinessSectionHeader.swift */; };
		E2AFE6D8282707CB003C2B3C /* BusinessSection.swift in Sources */ = {isa = PBXBuildFile; fileRef = E2AFE6D7282707CB003C2B3C /* BusinessSection.swift */; };
		E2AFE6DB28276856003C2B3C /* Spinner.swift in Sources */ = {isa = PBXBuildFile; fileRef = E2AFE6DA28276856003C2B3C /* Spinner.swift */; };
		E2AFE6DD2829C345003C2B3C /* Preview.swift in Sources */ = {isa = PBXBuildFile; fileRef = E2AFE6DC2829C345003C2B3C /* Preview.swift */; };
		E2AFE6DF2829C4A1003C2B3C /* ViewExtention.swift in Sources */ = {isa = PBXBuildFile; fileRef = E2AFE6DE2829C4A1003C2B3C /* ViewExtention.swift */; };
		E2AFE6E12829C7C9003C2B3C /* RoundedCornersShape.swift in Sources */ = {isa = PBXBuildFile; fileRef = E2AFE6E02829C7C9003C2B3C /* RoundedCornersShape.swift */; };
/* End PBXBuildFile section */

/* Begin PBXFileReference section */
		E2AFE6AE28236653003C2B3C /* City Sights.app */ = {isa = PBXFileReference; explicitFileType = wrapper.application; includeInIndex = 0; path = "City Sights.app"; sourceTree = BUILT_PRODUCTS_DIR; };
		E2AFE6B128236653003C2B3C /* CitySightsApp.swift */ = {isa = PBXFileReference; lastKnownFileType = sourcecode.swift; path = CitySightsApp.swift; sourceTree = "<group>"; };
		E2AFE6B328236653003C2B3C /* LaunchView.swift */ = {isa = PBXFileReference; lastKnownFileType = sourcecode.swift; path = LaunchView.swift; sourceTree = "<group>"; };
		E2AFE6B528236655003C2B3C /* Assets.xcassets */ = {isa = PBXFileReference; lastKnownFileType = folder.assetcatalog; path = Assets.xcassets; sourceTree = "<group>"; };
		E2AFE6B828236655003C2B3C /* Preview Assets.xcassets */ = {isa = PBXFileReference; lastKnownFileType = folder.assetcatalog; path = "Preview Assets.xcassets"; sourceTree = "<group>"; };
		E2AFE6C228236895003C2B3C /* ContentModel.swift */ = {isa = PBXFileReference; lastKnownFileType = sourcecode.swift; path = ContentModel.swift; sourceTree = "<group>"; };
		E2AFE6C42826DA08003C2B3C /* Business.swift */ = {isa = PBXFileReference; lastKnownFileType = sourcecode.swift; path = Business.swift; sourceTree = "<group>"; };
		E2AFE6C62826DC09003C2B3C /* BusinessSearch.swift */ = {isa = PBXFileReference; lastKnownFileType = sourcecode.swift; path = BusinessSearch.swift; sourceTree = "<group>"; };
		E2AFE6C92826EAF7003C2B3C /* Constants.swift */ = {isa = PBXFileReference; lastKnownFileType = sourcecode.swift; path = Constants.swift; sourceTree = "<group>"; };
		E2AFE6D02827011D003C2B3C /* HomeView.swift */ = {isa = PBXFileReference; lastKnownFileType = sourcecode.swift; path = HomeView.swift; sourceTree = "<group>"; };
		E2AFE6D3282704F1003C2B3C /* BusinessList.swift */ = {isa = PBXFileReference; lastKnownFileType = sourcecode.swift; path = BusinessList.swift; sourceTree = "<group>"; };
		E2AFE6D5282706FD003C2B3C /* BusinessSectionHeader.swift */ = {isa = PBXFileReference; lastKnownFileType = sourcecode.swift; path = BusinessSectionHeader.swift; sourceTree = "<group>"; };
		E2AFE6D7282707CB003C2B3C /* BusinessSection.swift */ = {isa = PBXFileReference; lastKnownFileType = sourcecode.swift; path = BusinessSection.swift; sourceTree = "<group>"; };
		E2AFE6DA28276856003C2B3C /* Spinner.swift */ = {isa = PBXFileReference; lastKnownFileType = sourcecode.swift; path = Spinner.swift; sourceTree = "<group>"; };
		E2AFE6DC2829C345003C2B3C /* Preview.swift */ = {isa = PBXFileReference; lastKnownFileType = sourcecode.swift; path = Preview.swift; sourceTree = "<group>"; };
		E2AFE6DE2829C4A1003C2B3C /* ViewExtention.swift */ = {isa = PBXFileReference; lastKnownFileType = sourcecode.swift; path = ViewExtention.swift; sourceTree = "<group>"; };
		E2AFE6E02829C7C9003C2B3C /* RoundedCornersShape.swift */ = {isa = PBXFileReference; lastKnownFileType = sourcecode.swift; path = RoundedCornersShape.swift; sourceTree = "<group>"; };
/* End PBXFileReference section */

/* Begin PBXFrameworksBuildPhase section */
		E2AFE6AB28236653003C2B3C /* Frameworks */ = {
			isa = PBXFrameworksBuildPhase;
			buildActionMask = 2147483647;
			files = (
			);
			runOnlyForDeploymentPostprocessing = 0;
		};
/* End PBXFrameworksBuildPhase section */

/* Begin PBXGroup section */
		E2AFE6A528236653003C2B3C = {
			isa = PBXGroup;
			children = (
				E2AFE6B028236653003C2B3C /* CitySightsApp */,
				E2AFE6AF28236653003C2B3C /* Products */,
			);
			sourceTree = "<group>";
		};
		E2AFE6AF28236653003C2B3C /* Products */ = {
			isa = PBXGroup;
			children = (
				E2AFE6AE28236653003C2B3C /* City Sights.app */,
			);
			name = Products;
			sourceTree = "<group>";
		};
		E2AFE6B028236653003C2B3C /* CitySightsApp */ = {
			isa = PBXGroup;
			children = (
				E2AFE6B128236653003C2B3C /* CitySightsApp.swift */,
				E2AFE6C1282366BB003C2B3C /* Models */,
				E2AFE6BF28236694003C2B3C /* Views */,
				E2AFE6C0282366A5003C2B3C /* ViewModels */,
				E2AFE6C82826EAE8003C2B3C /* Helper */,
				E2AFE6B728236655003C2B3C /* Preview Content */,
			);
			path = CitySightsApp;
			sourceTree = "<group>";
		};
		E2AFE6B728236655003C2B3C /* Preview Content */ = {
			isa = PBXGroup;
			children = (
				E2AFE6B528236655003C2B3C /* Assets.xcassets */,
				E2AFE6B828236655003C2B3C /* Preview Assets.xcassets */,
			);
			path = "Preview Content";
			sourceTree = "<group>";
		};
		E2AFE6BF28236694003C2B3C /* Views */ = {
			isa = PBXGroup;
			children = (
				E2AFE6D92827683D003C2B3C /* Components */,
				E2AFE6CC2826F964003C2B3C /* Home */,
				E2AFE6CD2826FA1B003C2B3C /* Denied */,
				E2AFE6CB2826F956003C2B3C /* Onboarding */,
				E2AFE6B328236653003C2B3C /* LaunchView.swift */,
				E2AFE6DC2829C345003C2B3C /* Preview.swift */,
				E2AFE6DE2829C4A1003C2B3C /* ViewExtention.swift */,
			);
			path = Views;
			sourceTree = "<group>";
		};
		E2AFE6C0282366A5003C2B3C /* ViewModels */ = {
			isa = PBXGroup;
			children = (
				E2AFE6C228236895003C2B3C /* ContentModel.swift */,
			);
			path = ViewModels;
			sourceTree = "<group>";
		};
		E2AFE6C1282366BB003C2B3C /* Models */ = {
			isa = PBXGroup;
			children = (
				E2AFE6C42826DA08003C2B3C /* Business.swift */,
				E2AFE6C62826DC09003C2B3C /* BusinessSearch.swift */,
			);
			path = Models;
			sourceTree = "<group>";
		};
		E2AFE6C82826EAE8003C2B3C /* Helper */ = {
			isa = PBXGroup;
			children = (
				E2AFE6C92826EAF7003C2B3C /* Constants.swift */,
			);
			path = Helper;
			sourceTree = "<group>";
		};
		E2AFE6CB2826F956003C2B3C /* Onboarding */ = {
			isa = PBXGroup;
			children = (
			);
			path = Onboarding;
			sourceTree = "<group>";
		};
		E2AFE6CC2826F964003C2B3C /* Home */ = {
			isa = PBXGroup;
			children = (
				E2AFE6D2282704E3003C2B3C /* List */,
				E2AFE6D02827011D003C2B3C /* HomeView.swift */,
			);
			path = Home;
			sourceTree = "<group>";
		};
		E2AFE6CD2826FA1B003C2B3C /* Denied */ = {
			isa = PBXGroup;
			children = (
			);
			path = Denied;
			sourceTree = "<group>";
		};
		E2AFE6D2282704E3003C2B3C /* List */ = {
			isa = PBXGroup;
			children = (
				E2AFE6D3282704F1003C2B3C /* BusinessList.swift */,
				E2AFE6D5282706FD003C2B3C /* BusinessSectionHeader.swift */,
				E2AFE6D7282707CB003C2B3C /* BusinessSection.swift */,
			);
			path = List;
			sourceTree = "<group>";
		};
		E2AFE6D92827683D003C2B3C /* Components */ = {
			isa = PBXGroup;
			children = (
				E2AFE6DA28276856003C2B3C /* Spinner.swift */,
				E2AFE6E02829C7C9003C2B3C /* RoundedCornersShape.swift */,
			);
			path = Components;
			sourceTree = "<group>";
		};
/* End PBXGroup section */

/* Begin PBXNativeTarget section */
		E2AFE6AD28236653003C2B3C /* CitySightsApp */ = {
			isa = PBXNativeTarget;
			buildConfigurationList = E2AFE6BC28236655003C2B3C /* Build configuration list for PBXNativeTarget "CitySightsApp" */;
			buildPhases = (
				E2AFE6AA28236653003C2B3C /* Sources */,
				E2AFE6AB28236653003C2B3C /* Frameworks */,
				E2AFE6AC28236653003C2B3C /* Resources */,
			);
			buildRules = (
			);
			dependencies = (
			);
			name = CitySightsApp;
			productName = CitySightsApp;
			productReference = E2AFE6AE28236653003C2B3C /* City Sights.app */;
			productType = "com.apple.product-type.application";
		};
/* End PBXNativeTarget section */

/* Begin PBXProject section */
		E2AFE6A628236653003C2B3C /* Project object */ = {
			isa = PBXProject;
			attributes = {
				BuildIndependentTargetsInParallel = 1;
				LastSwiftUpdateCheck = 1330;
				LastUpgradeCheck = 1330;
				TargetAttributes = {
					E2AFE6AD28236653003C2B3C = {
						CreatedOnToolsVersion = 13.3;
					};
				};
			};
			buildConfigurationList = E2AFE6A928236653003C2B3C /* Build configuration list for PBXProject "CitySightsApp" */;
			compatibilityVersion = "Xcode 13.0";
			developmentRegion = en;
			hasScannedForEncodings = 0;
			knownRegions = (
				en,
				Base,
			);
			mainGroup = E2AFE6A528236653003C2B3C;
			productRefGroup = E2AFE6AF28236653003C2B3C /* Products */;
			projectDirPath = "";
			projectRoot = "";
			targets = (
				E2AFE6AD28236653003C2B3C /* CitySightsApp */,
			);
		};
/* End PBXProject section */

/* Begin PBXResourcesBuildPhase section */
		E2AFE6AC28236653003C2B3C /* Resources */ = {
			isa = PBXResourcesBuildPhase;
			buildActionMask = 2147483647;
			files = (
				E2AFE6B928236655003C2B3C /* Preview Assets.xcassets in Resources */,
				E2AFE6B628236655003C2B3C /* Assets.xcassets in Resources */,
			);
			runOnlyForDeploymentPostprocessing = 0;
		};
/* End PBXResourcesBuildPhase section */

/* Begin PBXSourcesBuildPhase section */
		E2AFE6AA28236653003C2B3C /* Sources */ = {
			isa = PBXSourcesBuildPhase;
			buildActionMask = 2147483647;
			files = (
				E2AFE6DB28276856003C2B3C /* Spinner.swift in Sources */,
				E2AFE6B428236653003C2B3C /* LaunchView.swift in Sources */,
				E2AFE6DF2829C4A1003C2B3C /* ViewExtention.swift in Sources */,
				E2AFE6D12827011E003C2B3C /* HomeView.swift in Sources */,
				E2AFE6C72826DC09003C2B3C /* BusinessSearch.swift in Sources */,
				E2AFE6D6282706FD003C2B3C /* BusinessSectionHeader.swift in Sources */,
				E2AFE6E12829C7C9003C2B3C /* RoundedCornersShape.swift in Sources */,
				E2AFE6C52826DA08003C2B3C /* Business.swift in Sources */,
				E2AFE6B228236653003C2B3C /* CitySightsApp.swift in Sources */,
				E2AFE6D4282704F1003C2B3C /* BusinessList.swift in Sources */,
				E2AFE6D8282707CB003C2B3C /* BusinessSection.swift in Sources */,
				E2AFE6C328236895003C2B3C /* ContentModel.swift in Sources */,
				E2AFE6DD2829C345003C2B3C /* Preview.swift in Sources */,
				E2AFE6CA2826EAF7003C2B3C /* Constants.swift in Sources */,
			);
			runOnlyForDeploymentPostprocessing = 0;
		};
/* End PBXSourcesBuildPhase section */

/* Begin XCBuildConfiguration section */
		E2AFE6BA28236655003C2B3C /* Debug */ = {
			isa = XCBuildConfiguration;
			buildSettings = {
				ALWAYS_SEARCH_USER_PATHS = NO;
				CLANG_ANALYZER_NONNULL = YES;
				CLANG_ANALYZER_NUMBER_OBJECT_CONVERSION = YES_AGGRESSIVE;
				CLANG_CXX_LANGUAGE_STANDARD = "gnu++17";
				CLANG_ENABLE_MODULES = YES;
				CLANG_ENABLE_OBJC_ARC = YES;
				CLANG_ENABLE_OBJC_WEAK = YES;
				CLANG_WARN_BLOCK_CAPTURE_AUTORELEASING = YES;
				CLANG_WARN_BOOL_CONVERSION = YES;
				CLANG_WARN_COMMA = YES;
				CLANG_WARN_CONSTANT_CONVERSION = YES;
				CLANG_WARN_DEPRECATED_OBJC_IMPLEMENTATIONS = YES;
				CLANG_WARN_DIRECT_OBJC_ISA_USAGE = YES_ERROR;
				CLANG_WARN_DOCUMENTATION_COMMENTS = YES;
				CLANG_WARN_EMPTY_BODY = YES;
				CLANG_WARN_ENUM_CONVERSION = YES;
				CLANG_WARN_INFINITE_RECURSION = YES;
				CLANG_WARN_INT_CONVERSION = YES;
				CLANG_WARN_NON_LITERAL_NULL_CONVERSION = YES;
				CLANG_WARN_OBJC_IMPLICIT_RETAIN_SELF = YES;
				CLANG_WARN_OBJC_LITERAL_CONVERSION = YES;
				CLANG_WARN_OBJC_ROOT_CLASS = YES_ERROR;
				CLANG_WARN_QUOTED_INCLUDE_IN_FRAMEWORK_HEADER = YES;
				CLANG_WARN_RANGE_LOOP_ANALYSIS = YES;
				CLANG_WARN_STRICT_PROTOTYPES = YES;
				CLANG_WARN_SUSPICIOUS_MOVE = YES;
				CLANG_WARN_UNGUARDED_AVAILABILITY = YES_AGGRESSIVE;
				CLANG_WARN_UNREACHABLE_CODE = YES;
				CLANG_WARN__DUPLICATE_METHOD_MATCH = YES;
				COPY_PHASE_STRIP = NO;
				DEBUG_INFORMATION_FORMAT = dwarf;
				ENABLE_STRICT_OBJC_MSGSEND = YES;
				ENABLE_TESTABILITY = YES;
				GCC_C_LANGUAGE_STANDARD = gnu11;
				GCC_DYNAMIC_NO_PIC = NO;
				GCC_NO_COMMON_BLOCKS = YES;
				GCC_OPTIMIZATION_LEVEL = 0;
				GCC_PREPROCESSOR_DEFINITIONS = (
					"DEBUG=1",
					"$(inherited)",
				);
				GCC_WARN_64_TO_32_BIT_CONVERSION = YES;
				GCC_WARN_ABOUT_RETURN_TYPE = YES_ERROR;
				GCC_WARN_UNDECLARED_SELECTOR = YES;
				GCC_WARN_UNINITIALIZED_AUTOS = YES_AGGRESSIVE;
				GCC_WARN_UNUSED_FUNCTION = YES;
				GCC_WARN_UNUSED_VARIABLE = YES;
				IPHONEOS_DEPLOYMENT_TARGET = 15.4;
				MTL_ENABLE_DEBUG_INFO = INCLUDE_SOURCE;
				MTL_FAST_MATH = YES;
				ONLY_ACTIVE_ARCH = YES;
				SDKROOT = iphoneos;
				SWIFT_ACTIVE_COMPILATION_CONDITIONS = DEBUG;
				SWIFT_OPTIMIZATION_LEVEL = "-Onone";
			};
			name = Debug;
		};
		E2AFE6BB28236655003C2B3C /* Release */ = {
			isa = XCBuildConfiguration;
			buildSettings = {
				ALWAYS_SEARCH_USER_PATHS = NO;
				CLANG_ANALYZER_NONNULL = YES;
				CLANG_ANALYZER_NUMBER_OBJECT_CONVERSION = YES_AGGRESSIVE;
				CLANG_CXX_LANGUAGE_STANDARD = "gnu++17";
				CLANG_ENABLE_MODULES = YES;
				CLANG_ENABLE_OBJC_ARC = YES;
				CLANG_ENABLE_OBJC_WEAK = YES;
				CLANG_WARN_BLOCK_CAPTURE_AUTORELEASING = YES;
				CLANG_WARN_BOOL_CONVERSION = YES;
				CLANG_WARN_COMMA = YES;
				CLANG_WARN_CONSTANT_CONVERSION = YES;
				CLANG_WARN_DEPRECATED_OBJC_IMPLEMENTATIONS = YES;
				CLANG_WARN_DIRECT_OBJC_ISA_USAGE = YES_ERROR;
				CLANG_WARN_DOCUMENTATION_COMMENTS = YES;
				CLANG_WARN_EMPTY_BODY = YES;
				CLANG_WARN_ENUM_CONVERSION = YES;
				CLANG_WARN_INFINITE_RECURSION = YES;
				CLANG_WARN_INT_CONVERSION = YES;
				CLANG_WARN_NON_LITERAL_NULL_CONVERSION = YES;
				CLANG_WARN_OBJC_IMPLICIT_RETAIN_SELF = YES;
				CLANG_WARN_OBJC_LITERAL_CONVERSION = YES;
				CLANG_WARN_OBJC_ROOT_CLASS = YES_ERROR;
				CLANG_WARN_QUOTED_INCLUDE_IN_FRAMEWORK_HEADER = YES;
				CLANG_WARN_RANGE_LOOP_ANALYSIS = YES;
				CLANG_WARN_STRICT_PROTOTYPES = YES;
				CLANG_WARN_SUSPICIOUS_MOVE = YES;
				CLANG_WARN_UNGUARDED_AVAILABILITY = YES_AGGRESSIVE;
				CLANG_WARN_UNREACHABLE_CODE = YES;
				CLANG_WARN__DUPLICATE_METHOD_MATCH = YES;
				COPY_PHASE_STRIP = NO;
				DEBUG_INFORMATION_FORMAT = "dwarf-with-dsym";
				ENABLE_NS_ASSERTIONS = NO;
				ENABLE_STRICT_OBJC_MSGSEND = YES;
				GCC_C_LANGUAGE_STANDARD = gnu11;
				GCC_NO_COMMON_BLOCKS = YES;
				GCC_WARN_64_TO_32_BIT_CONVERSION = YES;
				GCC_WARN_ABOUT_RETURN_TYPE = YES_ERROR;
				GCC_WARN_UNDECLARED_SELECTOR = YES;
				GCC_WARN_UNINITIALIZED_AUTOS = YES_AGGRESSIVE;
				GCC_WARN_UNUSED_FUNCTION = YES;
				GCC_WARN_UNUSED_VARIABLE = YES;
				IPHONEOS_DEPLOYMENT_TARGET = 15.4;
				MTL_ENABLE_DEBUG_INFO = NO;
				MTL_FAST_MATH = YES;
				SDKROOT = iphoneos;
				SWIFT_COMPILATION_MODE = wholemodule;
				SWIFT_OPTIMIZATION_LEVEL = "-O";
				VALIDATE_PRODUCT = YES;
			};
			name = Release;
		};
		E2AFE6BD28236655003C2B3C /* Debug */ = {
			isa = XCBuildConfiguration;
			buildSettings = {
				ASSETCATALOG_COMPILER_APPICON_NAME = AppIcon;
				ASSETCATALOG_COMPILER_GLOBAL_ACCENT_COLOR_NAME = AccentColor;
				CODE_SIGN_STYLE = Automatic;
				CURRENT_PROJECT_VERSION = 1;
				DEVELOPMENT_ASSET_PATHS = "\"CitySightsApp/Preview Content\"";
				DEVELOPMENT_TEAM = QK56PV6YS9;
				ENABLE_PREVIEWS = YES;
				GENERATE_INFOPLIST_FILE = YES;
				INFOPLIST_KEY_NSLocationWhenInUseUsageDescription = "Grant permission to find restaurants and sights near you";
				INFOPLIST_KEY_UIApplicationSceneManifest_Generation = YES;
				INFOPLIST_KEY_UIApplicationSupportsIndirectInputEvents = YES;
				INFOPLIST_KEY_UILaunchScreen_Generation = YES;
				INFOPLIST_KEY_UISupportedInterfaceOrientations_iPad = "UIInterfaceOrientationPortrait UIInterfaceOrientationPortraitUpsideDown UIInterfaceOrientationLandscapeLeft UIInterfaceOrientationLandscapeRight";
				INFOPLIST_KEY_UISupportedInterfaceOrientations_iPhone = "UIInterfaceOrientationPortrait UIInterfaceOrientationLandscapeLeft UIInterfaceOrientationLandscapeRight";
				LD_RUNPATH_SEARCH_PATHS = (
					"$(inherited)",
					"@executable_path/Frameworks",
				);
				MARKETING_VERSION = 1.0;
				PRODUCT_BUNDLE_IDENTIFIER = "com.jasoncao-dev.CitySightsApp";
				PRODUCT_NAME = "City Sights";
				SWIFT_EMIT_LOC_STRINGS = YES;
				SWIFT_VERSION = 5.0;
				TARGETED_DEVICE_FAMILY = "1,2";
			};
			name = Debug;
		};
		E2AFE6BE28236655003C2B3C /* Release */ = {
			isa = XCBuildConfiguration;
			buildSettings = {
				ASSETCATALOG_COMPILER_APPICON_NAME = AppIcon;
				ASSETCATALOG_COMPILER_GLOBAL_ACCENT_COLOR_NAME = AccentColor;
				CODE_SIGN_STYLE = Automatic;
				CURRENT_PROJECT_VERSION = 1;
				DEVELOPMENT_ASSET_PATHS = "\"CitySightsApp/Preview Content\"";
				DEVELOPMENT_TEAM = QK56PV6YS9;
				ENABLE_PREVIEWS = YES;
				GENERATE_INFOPLIST_FILE = YES;
				INFOPLIST_KEY_NSLocationWhenInUseUsageDescription = "Grant permission to find restaurants and sights near you";
				INFOPLIST_KEY_UIApplicationSceneManifest_Generation = YES;
				INFOPLIST_KEY_UIApplicationSupportsIndirectInputEvents = YES;
				INFOPLIST_KEY_UILaunchScreen_Generation = YES;
				INFOPLIST_KEY_UISupportedInterfaceOrientations_iPad = "UIInterfaceOrientationPortrait UIInterfaceOrientationPortraitUpsideDown UIInterfaceOrientationLandscapeLeft UIInterfaceOrientationLandscapeRight";
				INFOPLIST_KEY_UISupportedInterfaceOrientations_iPhone = "UIInterfaceOrientationPortrait UIInterfaceOrientationLandscapeLeft UIInterfaceOrientationLandscapeRight";
				LD_RUNPATH_SEARCH_PATHS = (
					"$(inherited)",
					"@executable_path/Frameworks",
				);
				MARKETING_VERSION = 1.0;
				PRODUCT_BUNDLE_IDENTIFIER = "com.jasoncao-dev.CitySightsApp";
				PRODUCT_NAME = "City Sights";
				SWIFT_EMIT_LOC_STRINGS = YES;
				SWIFT_VERSION = 5.0;
				TARGETED_DEVICE_FAMILY = "1,2";
			};
			name = Release;
		};
/* End XCBuildConfiguration section */

/* Begin XCConfigurationList section */
		E2AFE6A928236653003C2B3C /* Build configuration list for PBXProject "CitySightsApp" */ = {
			isa = XCConfigurationList;
			buildConfigurations = (
				E2AFE6BA28236655003C2B3C /* Debug */,
				E2AFE6BB28236655003C2B3C /* Release */,
			);
			defaultConfigurationIsVisible = 0;
			defaultConfigurationName = Release;
		};
		E2AFE6BC28236655003C2B3C /* Build configuration list for PBXNativeTarget "CitySightsApp" */ = {
			isa = XCConfigurationList;
			buildConfigurations = (
				E2AFE6BD28236655003C2B3C /* Debug */,
				E2AFE6BE28236655003C2B3C /* Release */,
			);
			defaultConfigurationIsVisible = 0;
			defaultConfigurationName = Release;
		};
/* End XCConfigurationList section */
	};
	rootObject = E2AFE6A628236653003C2B3C /* Project object */;
}
